
Microsoft Visual Studio Solution File, Format Version 12.00
# Visual Studio Version 17
VisualStudioVersion = 17.5.33627.172
MinimumVisualStudioVersion = 10.0.40219.1
Project("{FAE04EC0-301F-11D3-BF4B-00C04F79EFBC}") = "OgrenciTrankriptSistemi", "OgrenciTrankriptSistemi.csproj", "{CF3C66C9-A489-457F-B737-ED551D2782D1}"
EndProject
Project("{FAE04EC0-301F-11D3-BF4B-00C04F79EFBC}") = "TranskriptData", "..\TranskriptData\TranskriptData.csproj", "{C8CC946D-CB07-4317-9C3D-8D3FEEDB36C6}"
EndProject
Global
	GlobalSection(SolutionConfigurationPlatforms) = preSolution
		Debug|Any CPU = Debug|Any CPU
		Release|Any CPU = Release|Any CPU
	EndGlobalSection
	GlobalSection(ProjectConfigurationPlatforms) = postSolution
		{CF3C66C9-A489-457F-B737-ED551D2782D1}.Debug|Any CPU.ActiveCfg = Debug|Any CPU
		{CF3C66C9-A489-457F-B737-ED551D2782D1}.Debug|Any CPU.Build.0 = Debug|Any CPU
		{CF3C66C9-A489-457F-B737-ED551D2782D1}.Release|Any CPU.ActiveCfg = Release|Any CPU
		{CF3C66C9-A489-457F-B737-ED551D2782D1}.Release|Any CPU.Build.0 = Release|Any CPU
		{C8CC946D-CB07-4317-9C3D-8D3FEEDB36C6}.Debug|Any CPU.ActiveCfg = Debug|Any CPU
		{C8CC946D-CB07-4317-9C3D-8D3FEEDB36C6}.Debug|Any CPU.Build.0 = Debug|Any CPU
		{C8CC946D-CB07-4317-9C3D-8D3FEEDB36C6}.Release|Any CPU.ActiveCfg = Release|Any CPU
		{C8CC946D-CB07-4317-9C3D-8D3FEEDB36C6}.Release|Any CPU.Build.0 = Release|Any CPU
	EndGlobalSection
	GlobalSection(SolutionProperties) = preSolution
		HideSolutionNode = FALSE
	EndGlobalSection
	GlobalSection(ExtensibilityGlobals) = postSolution
		SolutionGuid = {E480E17D-B473-48E8-96E0-016200B98B5F}
	EndGlobalSection
EndGlobal
